
Microsoft Visual Studio Solution File, Format Version 12.00
# Visual Studio Version 17
VisualStudioVersion = 17.10.34928.147
MinimumVisualStudioVersion = 10.0.40219.1
Project("{9A19103F-16F7-4668-BE54-9A1E7A4F7556}") = "Todo List API", "Todo List API.csproj", "{B1F692C4-5936-4CD8-9895-F9A46CD57FFE}"
EndProject
Project("{FAE04EC0-301F-11D3-BF4B-00C04F79EFBC}") = "todo.test", "..\todo.test\todo.test.csproj", "{4F79E3D7-AD5A-492C-85A6-758DACD31467}"
EndProject
Global
	GlobalSection(SolutionConfigurationPlatforms) = preSolution
		Debug|Any CPU = Debug|Any CPU
		Release|Any CPU = Release|Any CPU
	EndGlobalSection
	GlobalSection(ProjectConfigurationPlatforms) = postSolution
		{B1F692C4-5936-4CD8-9895-F9A46CD57FFE}.Debug|Any CPU.ActiveCfg = Debug|Any CPU
		{B1F692C4-5936-4CD8-9895-F9A46CD57FFE}.Debug|Any CPU.Build.0 = Debug|Any CPU
		{B1F692C4-5936-4CD8-9895-F9A46CD57FFE}.Release|Any CPU.ActiveCfg = Release|Any CPU
		{B1F692C4-5936-4CD8-9895-F9A46CD57FFE}.Release|Any CPU.Build.0 = Release|Any CPU
		{4F79E3D7-AD5A-492C-85A6-758DACD31467}.Debug|Any CPU.ActiveCfg = Debug|Any CPU
		{4F79E3D7-AD5A-492C-85A6-758DACD31467}.Debug|Any CPU.Build.0 = Debug|Any CPU
		{4F79E3D7-AD5A-492C-85A6-758DACD31467}.Release|Any CPU.ActiveCfg = Release|Any CPU
		{4F79E3D7-AD5A-492C-85A6-758DACD31467}.Release|Any CPU.Build.0 = Release|Any CPU
	EndGlobalSection
	GlobalSection(SolutionProperties) = preSolution
		HideSolutionNode = FALSE
	EndGlobalSection
	GlobalSection(ExtensibilityGlobals) = postSolution
		SolutionGuid = {D8AF9A5A-5F55-4F51-9D55-B14FFE7BACA9}
	EndGlobalSection
EndGlobal
